
Microsoft Visual Studio Solution File, Format Version 12.00
# Visual Studio Version 16
VisualStudioVersion = 16.0.29613.14
MinimumVisualStudioVersion = 10.0.40219.1
Project("{FAE04EC0-301F-11D3-BF4B-00C04F79EFBC}") = "DependencyInjet", "DependencyInjet\DependencyInjet.csproj", "{34778C95-C4BC-4F46-81C2-112BF7DF2EC2}"
EndProject
Project("{FAE04EC0-301F-11D3-BF4B-00C04F79EFBC}") = "BusinessLib", "BusinessLib\BusinessLib.csproj", "{102D50F6-FD0F-4E40-BBF7-537FDFDD3135}"
EndProject
Global
	GlobalSection(SolutionConfigurationPlatforms) = preSolution
		Debug|Any CPU = Debug|Any CPU
		Release|Any CPU = Release|Any CPU
	EndGlobalSection
	GlobalSection(ProjectConfigurationPlatforms) = postSolution
		{34778C95-C4BC-4F46-81C2-112BF7DF2EC2}.Debug|Any CPU.ActiveCfg = Debug|Any CPU
		{34778C95-C4BC-4F46-81C2-112BF7DF2EC2}.Debug|Any CPU.Build.0 = Debug|Any CPU
		{34778C95-C4BC-4F46-81C2-112BF7DF2EC2}.Release|Any CPU.ActiveCfg = Release|Any CPU
		{34778C95-C4BC-4F46-81C2-112BF7DF2EC2}.Release|Any CPU.Build.0 = Release|Any CPU
		{102D50F6-FD0F-4E40-BBF7-537FDFDD3135}.Debug|Any CPU.ActiveCfg = Debug|Any CPU
		{102D50F6-FD0F-4E40-BBF7-537FDFDD3135}.Debug|Any CPU.Build.0 = Debug|Any CPU
		{102D50F6-FD0F-4E40-BBF7-537FDFDD3135}.Release|Any CPU.ActiveCfg = Release|Any CPU
		{102D50F6-FD0F-4E40-BBF7-537FDFDD3135}.Release|Any CPU.Build.0 = Release|Any CPU
	EndGlobalSection
	GlobalSection(SolutionProperties) = preSolution
		HideSolutionNode = FALSE
	EndGlobalSection
	GlobalSection(ExtensibilityGlobals) = postSolution
		SolutionGuid = {7E8128EF-3E71-41FF-AD47-76775BBDC3B4}
	EndGlobalSection
EndGlobal
